
Microsoft Visual Studio Solution File, Format Version 12.00
# Visual Studio Version 16
VisualStudioVersion = 16.0.30907.101
MinimumVisualStudioVersion = 10.0.40219.1
Project("{FAE04EC0-301F-11D3-BF4B-00C04F79EFBC}") = "helloworld", "helloworld\helloworld.csproj", "{A183698A-C1A0-4052-B288-01F2C5CD7E17}"
EndProject
Global
	GlobalSection(SolutionConfigurationPlatforms) = preSolution
		Debug|Any CPU = Debug|Any CPU
		Release|Any CPU = Release|Any CPU
	EndGlobalSection
	GlobalSection(ProjectConfigurationPlatforms) = postSolution
		{A183698A-C1A0-4052-B288-01F2C5CD7E17}.Debug|Any CPU.ActiveCfg = Debug|Any CPU
		{A183698A-C1A0-4052-B288-01F2C5CD7E17}.Debug|Any CPU.Build.0 = Debug|Any CPU
		{A183698A-C1A0-4052-B288-01F2C5CD7E17}.Release|Any CPU.ActiveCfg = Release|Any CPU
		{A183698A-C1A0-4052-B288-01F2C5CD7E17}.Release|Any CPU.Build.0 = Release|Any CPU
	EndGlobalSection
	GlobalSection(SolutionProperties) = preSolution
		HideSolutionNode = FALSE
	EndGlobalSection
	GlobalSection(ExtensibilityGlobals) = postSolution
		SolutionGuid = {B7753F09-7905-4F38-AAEC-C136AB94FC88}
	EndGlobalSection
EndGlobal
